
Microsoft Visual Studio Solution File, Format Version 12.00
# Visual Studio Version 16
VisualStudioVersion = 16.0.29728.190
MinimumVisualStudioVersion = 10.0.40219.1
Project("{FAE04EC0-301F-11D3-BF4B-00C04F79EFBC}") = "GIFToWoWTextureApp", "..\..\..\Desktop\Coding\GIFToWoWTexture\GIFToWoWTextureApp\GIFToWoWTextureApp.csproj", "{3C292133-FDD8-47D5-A27B-46684305F096}"
EndProject
Global
	GlobalSection(SolutionConfigurationPlatforms) = preSolution
		Debug|Any CPU = Debug|Any CPU
		Release|Any CPU = Release|Any CPU
	EndGlobalSection
	GlobalSection(ProjectConfigurationPlatforms) = postSolution
		{3C292133-FDD8-47D5-A27B-46684305F096}.Debug|Any CPU.ActiveCfg = Debug|Any CPU
		{3C292133-FDD8-47D5-A27B-46684305F096}.Debug|Any CPU.Build.0 = Debug|Any CPU
		{3C292133-FDD8-47D5-A27B-46684305F096}.Release|Any CPU.ActiveCfg = Release|Any CPU
		{3C292133-FDD8-47D5-A27B-46684305F096}.Release|Any CPU.Build.0 = Release|Any CPU
	EndGlobalSection
	GlobalSection(SolutionProperties) = preSolution
		HideSolutionNode = FALSE
	EndGlobalSection
	GlobalSection(ExtensibilityGlobals) = postSolution
		SolutionGuid = {A077DB7D-01A6-4515-AF73-69BD4E3813E7}
	EndGlobalSection
EndGlobal
